
Microsoft Visual Studio Solution File, Format Version 12.00
# Visual Studio Version 17
VisualStudioVersion = 17.5.33516.290
MinimumVisualStudioVersion = 10.0.40219.1
Project("{FAE04EC0-301F-11D3-BF4B-00C04F79EFBC}") = "TileExplorer", "TileExplorer\TileExplorer.csproj", "{7C7050AF-768E-4BB2-A127-8AAB9BD06BB7}"
EndProject
Global
	GlobalSection(SolutionConfigurationPlatforms) = preSolution
		Debug|Any CPU = Debug|Any CPU
		Release|Any CPU = Release|Any CPU
	EndGlobalSection
	GlobalSection(ProjectConfigurationPlatforms) = postSolution
		{7C7050AF-768E-4BB2-A127-8AAB9BD06BB7}.Debug|Any CPU.ActiveCfg = Debug|Any CPU
		{7C7050AF-768E-4BB2-A127-8AAB9BD06BB7}.Debug|Any CPU.Build.0 = Debug|Any CPU
		{7C7050AF-768E-4BB2-A127-8AAB9BD06BB7}.Release|Any CPU.ActiveCfg = Release|Any CPU
		{7C7050AF-768E-4BB2-A127-8AAB9BD06BB7}.Release|Any CPU.Build.0 = Release|Any CPU
	EndGlobalSection
	GlobalSection(SolutionProperties) = preSolution
		HideSolutionNode = FALSE
	EndGlobalSection
	GlobalSection(ExtensibilityGlobals) = postSolution
		SolutionGuid = {6EBB50CE-BFB6-430C-B28B-32F5F56C58B8}
	EndGlobalSection
EndGlobal
